
Microsoft Visual Studio Solution File, Format Version 12.00
# Visual Studio Version 17
VisualStudioVersion = 17.5.002.0
MinimumVisualStudioVersion = 10.0.40219.1
Project("{9A19103F-16F7-4668-BE54-9A1E7A4F7556}") = "aplicacao", "aplicacao.csproj", "{5B4675D7-9212-456D-80EC-C97815E1BCB1}"
EndProject
Global
	GlobalSection(SolutionConfigurationPlatforms) = preSolution
		Debug|Any CPU = Debug|Any CPU
		Release|Any CPU = Release|Any CPU
	EndGlobalSection
	GlobalSection(ProjectConfigurationPlatforms) = postSolution
		{5B4675D7-9212-456D-80EC-C97815E1BCB1}.Debug|Any CPU.ActiveCfg = Debug|Any CPU
		{5B4675D7-9212-456D-80EC-C97815E1BCB1}.Debug|Any CPU.Build.0 = Debug|Any CPU
		{5B4675D7-9212-456D-80EC-C97815E1BCB1}.Release|Any CPU.ActiveCfg = Release|Any CPU
		{5B4675D7-9212-456D-80EC-C97815E1BCB1}.Release|Any CPU.Build.0 = Release|Any CPU
	EndGlobalSection
	GlobalSection(SolutionProperties) = preSolution
		HideSolutionNode = FALSE
	EndGlobalSection
	GlobalSection(ExtensibilityGlobals) = postSolution
		SolutionGuid = {F7061FFC-F46C-4DF3-9AD0-19F0C44E6520}
	EndGlobalSection
EndGlobal
