
Microsoft Visual Studio Solution File, Format Version 12.00
# Visual Studio Version 17
VisualStudioVersion = 17.5.002.0
MinimumVisualStudioVersion = 10.0.40219.1
Project("{9A19103F-16F7-4668-BE54-9A1E7A4F7556}") = "Cafeteria", "Cafeteria.csproj", "{974285CD-7849-407C-94C7-43B8265FB8B7}"
EndProject
Global
	GlobalSection(SolutionConfigurationPlatforms) = preSolution
		Debug|Any CPU = Debug|Any CPU
		Release|Any CPU = Release|Any CPU
	EndGlobalSection
	GlobalSection(ProjectConfigurationPlatforms) = postSolution
		{974285CD-7849-407C-94C7-43B8265FB8B7}.Debug|Any CPU.ActiveCfg = Debug|Any CPU
		{974285CD-7849-407C-94C7-43B8265FB8B7}.Debug|Any CPU.Build.0 = Debug|Any CPU
		{974285CD-7849-407C-94C7-43B8265FB8B7}.Release|Any CPU.ActiveCfg = Release|Any CPU
		{974285CD-7849-407C-94C7-43B8265FB8B7}.Release|Any CPU.Build.0 = Release|Any CPU
	EndGlobalSection
	GlobalSection(SolutionProperties) = preSolution
		HideSolutionNode = FALSE
	EndGlobalSection
	GlobalSection(ExtensibilityGlobals) = postSolution
		SolutionGuid = {9D2D9D60-8A57-4C95-9C5B-5415D13FC04C}
	EndGlobalSection
EndGlobal
